// !$*UTF8*$!
{
	archiveVersion = 1;
	classes = {
	};
	objectVersion = 50;
	objects = {

/* Begin PBXBuildFile section */
		63B86921260B90EA006779D7 /* AppDelegate.swift in Sources */ = {isa = PBXBuildFile; fileRef = 63B86920260B90EA006779D7 /* AppDelegate.swift */; };
		63B86923260B90EA006779D7 /* SceneDelegate.swift in Sources */ = {isa = PBXBuildFile; fileRef = 63B86922260B90EA006779D7 /* SceneDelegate.swift */; };
		63B86925260B90EA006779D7 /* ViewController.swift in Sources */ = {isa = PBXBuildFile; fileRef = 63B86924260B90EA006779D7 /* ViewController.swift */; };
		63B86928260B90EA006779D7 /* Main.storyboard in Resources */ = {isa = PBXBuildFile; fileRef = 63B86926260B90EA006779D7 /* Main.storyboard */; };
		63B8692A260B90ED006779D7 /* Assets.xcassets in Resources */ = {isa = PBXBuildFile; fileRef = 63B86929260B90ED006779D7 /* Assets.xcassets */; };
		63B8692D260B90ED006779D7 /* LaunchScreen.storyboard in Resources */ = {isa = PBXBuildFile; fileRef = 63B8692B260B90ED006779D7 /* LaunchScreen.storyboard */; };
		63B86938260B90ED006779D7 /* PickADriverTests.swift in Sources */ = {isa = PBXBuildFile; fileRef = 63B86937260B90ED006779D7 /* PickADriverTests.swift */; };
		63B86943260B90ED006779D7 /* PickADriverUITests.swift in Sources */ = {isa = PBXBuildFile; fileRef = 63B86942260B90ED006779D7 /* PickADriverUITests.swift */; };
/* End PBXBuildFile section */

/* Begin PBXContainerItemProxy section */
		63B86934260B90ED006779D7 /* PBXContainerItemProxy */ = {
			isa = PBXContainerItemProxy;
			containerPortal = 63B86915260B90EA006779D7 /* Project object */;
			proxyType = 1;
			remoteGlobalIDString = 63B8691C260B90EA006779D7;
			remoteInfo = PickADriver;
		};
		63B8693F260B90ED006779D7 /* PBXContainerItemProxy */ = {
			isa = PBXContainerItemProxy;
			containerPortal = 63B86915260B90EA006779D7 /* Project object */;
			proxyType = 1;
			remoteGlobalIDString = 63B8691C260B90EA006779D7;
			remoteInfo = PickADriver;
		};
/* End PBXContainerItemProxy section */

/* Begin PBXFileReference section */
		63B8691D260B90EA006779D7 /* PickADriver.app */ = {isa = PBXFileReference; explicitFileType = wrapper.application; includeInIndex = 0; path = PickADriver.app; sourceTree = BUILT_PRODUCTS_DIR; };
		63B86920260B90EA006779D7 /* AppDelegate.swift */ = {isa = PBXFileReference; lastKnownFileType = sourcecode.swift; path = AppDelegate.swift; sourceTree = "<group>"; };
		63B86922260B90EA006779D7 /* SceneDelegate.swift */ = {isa = PBXFileReference; lastKnownFileType = sourcecode.swift; path = SceneDelegate.swift; sourceTree = "<group>"; };
		63B86924260B90EA006779D7 /* ViewController.swift */ = {isa = PBXFileReference; lastKnownFileType = sourcecode.swift; path = ViewController.swift; sourceTree = "<group>"; };
		63B86927260B90EA006779D7 /* Base */ = {isa = PBXFileReference; lastKnownFileType = file.storyboard; name = Base; path = Base.lproj/Main.storyboard; sourceTree = "<group>"; };
		63B86929260B90ED006779D7 /* Assets.xcassets */ = {isa = PBXFileReference; lastKnownFileType = folder.assetcatalog; path = Assets.xcassets; sourceTree = "<group>"; };
		63B8692C260B90ED006779D7 /* Base */ = {isa = PBXFileReference; lastKnownFileType = file.storyboard; name = Base; path = Base.lproj/LaunchScreen.storyboard; sourceTree = "<group>"; };
		63B8692E260B90ED006779D7 /* Info.plist */ = {isa = PBXFileReference; lastKnownFileType = text.plist.xml; path = Info.plist; sourceTree = "<group>"; };
		63B86933260B90ED006779D7 /* PickADriverTests.xctest */ = {isa = PBXFileReference; explicitFileType = wrapper.cfbundle; includeInIndex = 0; path = PickADriverTests.xctest; sourceTree = BUILT_PRODUCTS_DIR; };
		63B86937260B90ED006779D7 /* PickADriverTests.swift */ = {isa = PBXFileReference; lastKnownFileType = sourcecode.swift; path = PickADriverTests.swift; sourceTree = "<group>"; };
		63B86939260B90ED006779D7 /* Info.plist */ = {isa = PBXFileReference; lastKnownFileType = text.plist.xml; path = Info.plist; sourceTree = "<group>"; };
		63B8693E260B90ED006779D7 /* PickADriverUITests.xctest */ = {isa = PBXFileReference; explicitFileType = wrapper.cfbundle; includeInIndex = 0; path = PickADriverUITests.xctest; sourceTree = BUILT_PRODUCTS_DIR; };
		63B86942260B90ED006779D7 /* PickADriverUITests.swift */ = {isa = PBXFileReference; lastKnownFileType = sourcecode.swift; path = PickADriverUITests.swift; sourceTree = "<group>"; };
		63B86944260B90ED006779D7 /* Info.plist */ = {isa = PBXFileReference; lastKnownFileType = text.plist.xml; path = Info.plist; sourceTree = "<group>"; };
/* End PBXFileReference section */

/* Begin PBXFrameworksBuildPhase section */
		63B8691A260B90EA006779D7 /* Frameworks */ = {
			isa = PBXFrameworksBuildPhase;
			buildActionMask = 2147483647;
			files = (
			);
			runOnlyForDeploymentPostprocessing = 0;
		};
		63B86930260B90ED006779D7 /* Frameworks */ = {
			isa = PBXFrameworksBuildPhase;
			buildActionMask = 2147483647;
			files = (
			);
			runOnlyForDeploymentPostprocessing = 0;
		};
		63B8693B260B90ED006779D7 /* Frameworks */ = {
			isa = PBXFrameworksBuildPhase;
			buildActionMask = 2147483647;
			files = (
			);
			runOnlyForDeploymentPostprocessing = 0;
		};
/* End PBXFrameworksBuildPhase section */

/* Begin PBXGroup section */
		63B86914260B90EA006779D7 = {
			isa = PBXGroup;
			children = (
				63B8691F260B90EA006779D7 /* PickADriver */,
				63B86936260B90ED006779D7 /* PickADriverTests */,
				63B86941260B90ED006779D7 /* PickADriverUITests */,
				63B8691E260B90EA006779D7 /* Products */,
			);
			sourceTree = "<group>";
		};
		63B8691E260B90EA006779D7 /* Products */ = {
			isa = PBXGroup;
			children = (
				63B8691D260B90EA006779D7 /* PickADriver.app */,
				63B86933260B90ED006779D7 /* PickADriverTests.xctest */,
				63B8693E260B90ED006779D7 /* PickADriverUITests.xctest */,
			);
			name = Products;
			sourceTree = "<group>";
		};
		63B8691F260B90EA006779D7 /* PickADriver */ = {
			isa = PBXGroup;
			children = (
				63B86920260B90EA006779D7 /* AppDelegate.swift */,
				63B86922260B90EA006779D7 /* SceneDelegate.swift */,
				63B86924260B90EA006779D7 /* ViewController.swift */,
				63B86926260B90EA006779D7 /* Main.storyboard */,
				63B86929260B90ED006779D7 /* Assets.xcassets */,
				63B8692B260B90ED006779D7 /* LaunchScreen.storyboard */,
				63B8692E260B90ED006779D7 /* Info.plist */,
			);
			path = PickADriver;
			sourceTree = "<group>";
		};
		63B86936260B90ED006779D7 /* PickADriverTests */ = {
			isa = PBXGroup;
			children = (
				63B86937260B90ED006779D7 /* PickADriverTests.swift */,
				63B86939260B90ED006779D7 /* Info.plist */,
			);
			path = PickADriverTests;
			sourceTree = "<group>";
		};
		63B86941260B90ED006779D7 /* PickADriverUITests */ = {
			isa = PBXGroup;
			children = (
				63B86942260B90ED006779D7 /* PickADriverUITests.swift */,
				63B86944260B90ED006779D7 /* Info.plist */,
			);
			path = PickADriverUITests;
			sourceTree = "<group>";
		};
/* End PBXGroup section */

/* Begin PBXNativeTarget section */
		63B8691C260B90EA006779D7 /* PickADriver */ = {
			isa = PBXNativeTarget;
			buildConfigurationList = 63B86947260B90ED006779D7 /* Build configuration list for PBXNativeTarget "PickADriver" */;
			buildPhases = (
				63B86919260B90EA006779D7 /* Sources */,
				63B8691A260B90EA006779D7 /* Frameworks */,
				63B8691B260B90EA006779D7 /* Resources */,
			);
			buildRules = (
			);
			dependencies = (
			);
			name = PickADriver;
			productName = PickADriver;
			productReference = 63B8691D260B90EA006779D7 /* PickADriver.app */;
			productType = "com.apple.product-type.application";
		};
		63B86932260B90ED006779D7 /* PickADriverTests */ = {
			isa = PBXNativeTarget;
			buildConfigurationList = 63B8694A260B90ED006779D7 /* Build configuration list for PBXNativeTarget "PickADriverTests" */;
			buildPhases = (
				63B8692F260B90ED006779D7 /* Sources */,
				63B86930260B90ED006779D7 /* Frameworks */,
				63B86931260B90ED006779D7 /* Resources */,
			);
			buildRules = (
			);
			dependencies = (
				63B86935260B90ED006779D7 /* PBXTargetDependency */,
			);
			name = PickADriverTests;
			productName = PickADriverTests;
			productReference = 63B86933260B90ED006779D7 /* PickADriverTests.xctest */;
			productType = "com.apple.product-type.bundle.unit-test";
		};
		63B8693D260B90ED006779D7 /* PickADriverUITests */ = {
			isa = PBXNativeTarget;
			buildConfigurationList = 63B8694D260B90ED006779D7 /* Build configuration list for PBXNativeTarget "PickADriverUITests" */;
			buildPhases = (
				63B8693A260B90ED006779D7 /* Sources */,
				63B8693B260B90ED006779D7 /* Frameworks */,
				63B8693C260B90ED006779D7 /* Resources */,
			);
			buildRules = (
			);
			dependencies = (
				63B86940260B90ED006779D7 /* PBXTargetDependency */,
			);
			name = PickADriverUITests;
			productName = PickADriverUITests;
			productReference = 63B8693E260B90ED006779D7 /* PickADriverUITests.xctest */;
			productType = "com.apple.product-type.bundle.ui-testing";
		};
/* End PBXNativeTarget section */

/* Begin PBXProject section */
		63B86915260B90EA006779D7 /* Project object */ = {
			isa = PBXProject;
			attributes = {
				LastSwiftUpdateCheck = 1240;
				LastUpgradeCheck = 1240;
				TargetAttributes = {
					63B8691C260B90EA006779D7 = {
						CreatedOnToolsVersion = 12.4;
					};
					63B86932260B90ED006779D7 = {
						CreatedOnToolsVersion = 12.4;
						TestTargetID = 63B8691C260B90EA006779D7;
					};
					63B8693D260B90ED006779D7 = {
						CreatedOnToolsVersion = 12.4;
						TestTargetID = 63B8691C260B90EA006779D7;
					};
				};
			};
			buildConfigurationList = 63B86918260B90EA006779D7 /* Build configuration list for PBXProject "PickADriver" */;
			compatibilityVersion = "Xcode 9.3";
			developmentRegion = en;
			hasScannedForEncodings = 0;
			knownRegions = (
				en,
				Base,
			);
			mainGroup = 63B86914260B90EA006779D7;
			productRefGroup = 63B8691E260B90EA006779D7 /* Products */;
			projectDirPath = "";
			projectRoot = "";
			targets = (
				63B8691C260B90EA006779D7 /* PickADriver */,
				63B86932260B90ED006779D7 /* PickADriverTests */,
				63B8693D260B90ED006779D7 /* PickADriverUITests */,
			);
		};
/* End PBXProject section */

/* Begin PBXResourcesBuildPhase section */
		63B8691B260B90EA006779D7 /* Resources */ = {
			isa = PBXResourcesBuildPhase;
			buildActionMask = 2147483647;
			files = (
				63B8692D260B90ED006779D7 /* LaunchScreen.storyboard in Resources */,
				63B8692A260B90ED006779D7 /* Assets.xcassets in Resources */,
				63B86928260B90EA006779D7 /* Main.storyboard in Resources */,
			);
			runOnlyForDeploymentPostprocessing = 0;
		};
		63B86931260B90ED006779D7 /* Resources */ = {
			isa = PBXResourcesBuildPhase;
			buildActionMask = 2147483647;
			files = (
			);
			runOnlyForDeploymentPostprocessing = 0;
		};
		63B8693C260B90ED006779D7 /* Resources */ = {
			isa = PBXResourcesBuildPhase;
			buildActionMask = 2147483647;
			files = (
			);
			runOnlyForDeploymentPostprocessing = 0;
		};
/* End PBXResourcesBuildPhase section */

/* Begin PBXSourcesBuildPhase section */
		63B86919260B90EA006779D7 /* Sources */ = {
			isa = PBXSourcesBuildPhase;
			buildActionMask = 2147483647;
			files = (
				63B86925260B90EA006779D7 /* ViewController.swift in Sources */,
				63B86921260B90EA006779D7 /* AppDelegate.swift in Sources */,
				63B86923260B90EA006779D7 /* SceneDelegate.swift in Sources */,
			);
			runOnlyForDeploymentPostprocessing = 0;
		};
		63B8692F260B90ED006779D7 /* Sources */ = {
			isa = PBXSourcesBuildPhase;
			buildActionMask = 2147483647;
			files = (
				63B86938260B90ED006779D7 /* PickADriverTests.swift in Sources */,
			);
			runOnlyForDeploymentPostprocessing = 0;
		};
		63B8693A260B90ED006779D7 /* Sources */ = {
			isa = PBXSourcesBuildPhase;
			buildActionMask = 2147483647;
			files = (
				63B86943260B90ED006779D7 /* PickADriverUITests.swift in Sources */,
			);
			runOnlyForDeploymentPostprocessing = 0;
		};
/* End PBXSourcesBuildPhase section */

/* Begin PBXTargetDependency section */
		63B86935260B90ED006779D7 /* PBXTargetDependency */ = {
			isa = PBXTargetDependency;
			target = 63B8691C260B90EA006779D7 /* PickADriver */;
			targetProxy = 63B86934260B90ED006779D7 /* PBXContainerItemProxy */;
		};
		63B86940260B90ED006779D7 /* PBXTargetDependency */ = {
			isa = PBXTargetDependency;
			target = 63B8691C260B90EA006779D7 /* PickADriver */;
			targetProxy = 63B8693F260B90ED006779D7 /* PBXContainerItemProxy */;
		};
/* End PBXTargetDependency section */

/* Begin PBXVariantGroup section */
		63B86926260B90EA006779D7 /* Main.storyboard */ = {
			isa = PBXVariantGroup;
			children = (
				63B86927260B90EA006779D7 /* Base */,
			);
			name = Main.storyboard;
			sourceTree = "<group>";
		};
		63B8692B260B90ED006779D7 /* LaunchScreen.storyboard */ = {
			isa = PBXVariantGroup;
			children = (
				63B8692C260B90ED006779D7 /* Base */,
			);
			name = LaunchScreen.storyboard;
			sourceTree = "<group>";
		};
/* End PBXVariantGroup section */

/* Begin XCBuildConfiguration section */
		63B86945260B90ED006779D7 /* Debug */ = {
			isa = XCBuildConfiguration;
			buildSettings = {
				ALWAYS_SEARCH_USER_PATHS = NO;
				CLANG_ANALYZER_NONNULL = YES;
				CLANG_ANALYZER_NUMBER_OBJECT_CONVERSION = YES_AGGRESSIVE;
				CLANG_CXX_LANGUAGE_STANDARD = "gnu++14";
				CLANG_CXX_LIBRARY = "libc++";
				CLANG_ENABLE_MODULES = YES;
				CLANG_ENABLE_OBJC_ARC = YES;
				CLANG_ENABLE_OBJC_WEAK = YES;
				CLANG_WARN_BLOCK_CAPTURE_AUTORELEASING = YES;
				CLANG_WARN_BOOL_CONVERSION = YES;
				CLANG_WARN_COMMA = YES;
				CLANG_WARN_CONSTANT_CONVERSION = YES;
				CLANG_WARN_DEPRECATED_OBJC_IMPLEMENTATIONS = YES;
				CLANG_WARN_DIRECT_OBJC_ISA_USAGE = YES_ERROR;
				CLANG_WARN_DOCUMENTATION_COMMENTS = YES;
				CLANG_WARN_EMPTY_BODY = YES;
				CLANG_WARN_ENUM_CONVERSION = YES;
				CLANG_WARN_INFINITE_RECURSION = YES;
				CLANG_WARN_INT_CONVERSION = YES;
				CLANG_WARN_NON_LITERAL_NULL_CONVERSION = YES;
				CLANG_WARN_OBJC_IMPLICIT_RETAIN_SELF = YES;
				CLANG_WARN_OBJC_LITERAL_CONVERSION = YES;
				CLANG_WARN_OBJC_ROOT_CLASS = YES_ERROR;
				CLANG_WARN_QUOTED_INCLUDE_IN_FRAMEWORK_HEADER = YES;
				CLANG_WARN_RANGE_LOOP_ANALYSIS = YES;
				CLANG_WARN_STRICT_PROTOTYPES = YES;
				CLANG_WARN_SUSPICIOUS_MOVE = YES;
				CLANG_WARN_UNGUARDED_AVAILABILITY = YES_AGGRESSIVE;
				CLANG_WARN_UNREACHABLE_CODE = YES;
				CLANG_WARN__DUPLICATE_METHOD_MATCH = YES;
				COPY_PHASE_STRIP = NO;
				DEBUG_INFORMATION_FORMAT = dwarf;
				ENABLE_STRICT_OBJC_MSGSEND = YES;
				ENABLE_TESTABILITY = YES;
				GCC_C_LANGUAGE_STANDARD = gnu11;
				GCC_DYNAMIC_NO_PIC = NO;
				GCC_NO_COMMON_BLOCKS = YES;
				GCC_OPTIMIZATION_LEVEL = 0;
				GCC_PREPROCESSOR_DEFINITIONS = (
					"DEBUG=1",
					"$(inherited)",
				);
				GCC_WARN_64_TO_32_BIT_CONVERSION = YES;
				GCC_WARN_ABOUT_RETURN_TYPE = YES_ERROR;
				GCC_WARN_UNDECLARED_SELECTOR = YES;
				GCC_WARN_UNINITIALIZED_AUTOS = YES_AGGRESSIVE;
				GCC_WARN_UNUSED_FUNCTION = YES;
				GCC_WARN_UNUSED_VARIABLE = YES;
				IPHONEOS_DEPLOYMENT_TARGET = 14.4;
				MTL_ENABLE_DEBUG_INFO = INCLUDE_SOURCE;
				MTL_FAST_MATH = YES;
				ONLY_ACTIVE_ARCH = YES;
				SDKROOT = iphoneos;
				SWIFT_ACTIVE_COMPILATION_CONDITIONS = DEBUG;
				SWIFT_OPTIMIZATION_LEVEL = "-Onone";
			};
			name = Debug;
		};
		63B86946260B90ED006779D7 /* Release */ = {
			isa = XCBuildConfiguration;
			buildSettings = {
				ALWAYS_SEARCH_USER_PATHS = NO;
				CLANG_ANALYZER_NONNULL = YES;
				CLANG_ANALYZER_NUMBER_OBJECT_CONVERSION = YES_AGGRESSIVE;
				CLANG_CXX_LANGUAGE_STANDARD = "gnu++14";
				CLANG_CXX_LIBRARY = "libc++";
				CLANG_ENABLE_MODULES = YES;
				CLANG_ENABLE_OBJC_ARC = YES;
				CLANG_ENABLE_OBJC_WEAK = YES;
				CLANG_WARN_BLOCK_CAPTURE_AUTORELEASING = YES;
				CLANG_WARN_BOOL_CONVERSION = YES;
				CLANG_WARN_COMMA = YES;
				CLANG_WARN_CONSTANT_CONVERSION = YES;
				CLANG_WARN_DEPRECATED_OBJC_IMPLEMENTATIONS = YES;
				CLANG_WARN_DIRECT_OBJC_ISA_USAGE = YES_ERROR;
				CLANG_WARN_DOCUMENTATION_COMMENTS = YES;
				CLANG_WARN_EMPTY_BODY = YES;
				CLANG_WARN_ENUM_CONVERSION = YES;
				CLANG_WARN_INFINITE_RECURSION = YES;
				CLANG_WARN_INT_CONVERSION = YES;
				CLANG_WARN_NON_LITERAL_NULL_CONVERSION = YES;
				CLANG_WARN_OBJC_IMPLICIT_RETAIN_SELF = YES;
				CLANG_WARN_OBJC_LITERAL_CONVERSION = YES;
				CLANG_WARN_OBJC_ROOT_CLASS = YES_ERROR;
				CLANG_WARN_QUOTED_INCLUDE_IN_FRAMEWORK_HEADER = YES;
				CLANG_WARN_RANGE_LOOP_ANALYSIS = YES;
				CLANG_WARN_STRICT_PROTOTYPES = YES;
				CLANG_WARN_SUSPICIOUS_MOVE = YES;
				CLANG_WARN_UNGUARDED_AVAILABILITY = YES_AGGRESSIVE;
				CLANG_WARN_UNREACHABLE_CODE = YES;
				CLANG_WARN__DUPLICATE_METHOD_MATCH = YES;
				COPY_PHASE_STRIP = NO;
				DEBUG_INFORMATION_FORMAT = "dwarf-with-dsym";
				ENABLE_NS_ASSERTIONS = NO;
				ENABLE_STRICT_OBJC_MSGSEND = YES;
				GCC_C_LANGUAGE_STANDARD = gnu11;
				GCC_NO_COMMON_BLOCKS = YES;
				GCC_WARN_64_TO_32_BIT_CONVERSION = YES;
				GCC_WARN_ABOUT_RETURN_TYPE = YES_ERROR;
				GCC_WARN_UNDECLARED_SELECTOR = YES;
				GCC_WARN_UNINITIALIZED_AUTOS = YES_AGGRESSIVE;
				GCC_WARN_UNUSED_FUNCTION = YES;
				GCC_WARN_UNUSED_VARIABLE = YES;
				IPHONEOS_DEPLOYMENT_TARGET = 14.4;
				MTL_ENABLE_DEBUG_INFO = NO;
				MTL_FAST_MATH = YES;
				SDKROOT = iphoneos;
				SWIFT_COMPILATION_MODE = wholemodule;
				SWIFT_OPTIMIZATION_LEVEL = "-O";
				VALIDATE_PRODUCT = YES;
			};
			name = Release;
		};
		63B86948260B90ED006779D7 /* Debug */ = {
			isa = XCBuildConfiguration;
			buildSettings = {
				ASSETCATALOG_COMPILER_APPICON_NAME = AppIcon;
				ASSETCATALOG_COMPILER_GLOBAL_ACCENT_COLOR_NAME = AccentColor;
				CODE_SIGN_STYLE = Automatic;
				DEVELOPMENT_TEAM = XGW737Z9CT;
				INFOPLIST_FILE = PickADriver/Info.plist;
				LD_RUNPATH_SEARCH_PATHS = (
					"$(inherited)",
					"@executable_path/Frameworks",
				);
				PRODUCT_BUNDLE_IDENTIFIER = "steven-darbie.PickADriver";
				PRODUCT_NAME = "$(TARGET_NAME)";
				SWIFT_VERSION = 5.0;
				TARGETED_DEVICE_FAMILY = "1,2";
			};
			name = Debug;
		};
		63B86949260B90ED006779D7 /* Release */ = {
			isa = XCBuildConfiguration;
			buildSettings = {
				ASSETCATALOG_COMPILER_APPICON_NAME = AppIcon;
				ASSETCATALOG_COMPILER_GLOBAL_ACCENT_COLOR_NAME = AccentColor;
				CODE_SIGN_STYLE = Automatic;
				DEVELOPMENT_TEAM = XGW737Z9CT;
				INFOPLIST_FILE = PickADriver/Info.plist;
				LD_RUNPATH_SEARCH_PATHS = (
					"$(inherited)",
					"@executable_path/Frameworks",
				);
				PRODUCT_BUNDLE_IDENTIFIER = "steven-darbie.PickADriver";
				PRODUCT_NAME = "$(TARGET_NAME)";
				SWIFT_VERSION = 5.0;
				TARGETED_DEVICE_FAMILY = "1,2";
			};
			name = Release;
		};
		63B8694B260B90ED006779D7 /* Debug */ = {
			isa = XCBuildConfiguration;
			buildSettings = {
				ALWAYS_EMBED_SWIFT_STANDARD_LIBRARIES = YES;
				BUNDLE_LOADER = "$(TEST_HOST)";
				CODE_SIGN_STYLE = Automatic;
				DEVELOPMENT_TEAM = XGW737Z9CT;
				INFOPLIST_FILE = PickADriverTests/Info.plist;
				IPHONEOS_DEPLOYMENT_TARGET = 14.4;
				LD_RUNPATH_SEARCH_PATHS = (
					"$(inherited)",
					"@executable_path/Frameworks",
					"@loader_path/Frameworks",
				);
				PRODUCT_BUNDLE_IDENTIFIER = "steven-darbie.PickADriverTests";
				PRODUCT_NAME = "$(TARGET_NAME)";
				SWIFT_VERSION = 5.0;
				TARGETED_DEVICE_FAMILY = "1,2";
				TEST_HOST = "$(BUILT_PRODUCTS_DIR)/PickADriver.app/PickADriver";
			};
			name = Debug;
		};
		63B8694C260B90ED006779D7 /* Release */ = {
			isa = XCBuildConfiguration;
			buildSettings = {
				ALWAYS_EMBED_SWIFT_STANDARD_LIBRARIES = YES;
				BUNDLE_LOADER = "$(TEST_HOST)";
				CODE_SIGN_STYLE = Automatic;
				DEVELOPMENT_TEAM = XGW737Z9CT;
				INFOPLIST_FILE = PickADriverTests/Info.plist;
				IPHONEOS_DEPLOYMENT_TARGET = 14.4;
				LD_RUNPATH_SEARCH_PATHS = (
					"$(inherited)",
					"@executable_path/Frameworks",
					"@loader_path/Frameworks",
				);
				PRODUCT_BUNDLE_IDENTIFIER = "steven-darbie.PickADriverTests";
				PRODUCT_NAME = "$(TARGET_NAME)";
				SWIFT_VERSION = 5.0;
				TARGETED_DEVICE_FAMILY = "1,2";
				TEST_HOST = "$(BUILT_PRODUCTS_DIR)/PickADriver.app/PickADriver";
			};
			name = Release;
		};
		63B8694E260B90ED006779D7 /* Debug */ = {
			isa = XCBuildConfiguration;
			buildSettings = {
				ALWAYS_EMBED_SWIFT_STANDARD_LIBRARIES = YES;
				CODE_SIGN_STYLE = Automatic;
				DEVELOPMENT_TEAM = XGW737Z9CT;
				INFOPLIST_FILE = PickADriverUITests/Info.plist;
				LD_RUNPATH_SEARCH_PATHS = (
					"$(inherited)",
					"@executable_path/Frameworks",
					"@loader_path/Frameworks",
				);
				PRODUCT_BUNDLE_IDENTIFIER = "steven-darbie.PickADriverUITests";
				PRODUCT_NAME = "$(TARGET_NAME)";
				SWIFT_VERSION = 5.0;
				TARGETED_DEVICE_FAMILY = "1,2";
				TEST_TARGET_NAME = PickADriver;
			};
			name = Debug;
		};
		63B8694F260B90ED006779D7 /* Release */ = {
			isa = XCBuildConfiguration;
			buildSettings = {
				ALWAYS_EMBED_SWIFT_STANDARD_LIBRARIES = YES;
				CODE_SIGN_STYLE = Automatic;
				DEVELOPMENT_TEAM = XGW737Z9CT;
				INFOPLIST_FILE = PickADriverUITests/Info.plist;
				LD_RUNPATH_SEARCH_PATHS = (
					"$(inherited)",
					"@executable_path/Frameworks",
					"@loader_path/Frameworks",
				);
				PRODUCT_BUNDLE_IDENTIFIER = "steven-darbie.PickADriverUITests";
				PRODUCT_NAME = "$(TARGET_NAME)";
				SWIFT_VERSION = 5.0;
				TARGETED_DEVICE_FAMILY = "1,2";
				TEST_TARGET_NAME = PickADriver;
			};
			name = Release;
		};
/* End XCBuildConfiguration section */

/* Begin XCConfigurationList section */
		63B86918260B90EA006779D7 /* Build configuration list for PBXProject "PickADriver" */ = {
			isa = XCConfigurationList;
			buildConfigurations = (
				63B86945260B90ED006779D7 /* Debug */,
				63B86946260B90ED006779D7 /* Release */,
			);
			defaultConfigurationIsVisible = 0;
			defaultConfigurationName = Release;
		};
		63B86947260B90ED006779D7 /* Build configuration list for PBXNativeTarget "PickADriver" */ = {
			isa = XCConfigurationList;
			buildConfigurations = (
				63B86948260B90ED006779D7 /* Debug */,
				63B86949260B90ED006779D7 /* Release */,
			);
			defaultConfigurationIsVisible = 0;
			defaultConfigurationName = Release;
		};
		63B8694A260B90ED006779D7 /* Build configuration list for PBXNativeTarget "PickADriverTests" */ = {
			isa = XCConfigurationList;
			buildConfigurations = (
				63B8694B260B90ED006779D7 /* Debug */,
				63B8694C260B90ED006779D7 /* Release */,
			);
			defaultConfigurationIsVisible = 0;
			defaultConfigurationName = Release;
		};
		63B8694D260B90ED006779D7 /* Build configuration list for PBXNativeTarget "PickADriverUITests" */ = {
			isa = XCConfigurationList;
			buildConfigurations = (
				63B8694E260B90ED006779D7 /* Debug */,
				63B8694F260B90ED006779D7 /* Release */,
			);
			defaultConfigurationIsVisible = 0;
			defaultConfigurationName = Release;
		};
/* End XCConfigurationList section */
	};
	rootObject = 63B86915260B90EA006779D7 /* Project object */;
}
